PODS:
  - FormatterKit (1.8.0):
    - FormatterKit/AddressFormatter (= 1.8.0)
    - FormatterKit/ArrayFormatter (= 1.8.0)
    - FormatterKit/ColorFormatter (= 1.8.0)
    - FormatterKit/LocationFormatter (= 1.8.0)
    - FormatterKit/NameFormatter (= 1.8.0)
    - FormatterKit/OrdinalNumberFormatter (= 1.8.0)
    - FormatterKit/TimeIntervalFormatter (= 1.8.0)
    - FormatterKit/UnitOfInformationFormatter (= 1.8.0)
    - FormatterKit/URLRequestFormatter (= 1.8.0)
  - FormatterKit/AddressFormatter (1.8.0)
  - FormatterKit/ArrayFormatter (1.8.0)
  - FormatterKit/ColorFormatter (1.8.0)
  - FormatterKit/LocationFormatter (1.8.0)
  - FormatterKit/NameFormatter (1.8.0)
  - FormatterKit/OrdinalNumberFormatter (1.8.0)
  - FormatterKit/TimeIntervalFormatter (1.8.0)
  - FormatterKit/UnitOfInformationFormatter (1.8.0)
  - FormatterKit/URLRequestFormatter (1.8.0)
  - Localytics (3.1.0)
  - SDWebImage (3.7.2):
    - SDWebImage/Core (= 3.7.2)
  - SDWebImage/Core (3.7.2)
  - SwiftHTTP (0.9.2)

DEPENDENCIES:
  - FormatterKit (~> 1.8.0)
  - Localytics (~> 3.0)
  - SDWebImage (~> 3.7)
  - SwiftHTTP (~> 0.9.2)

SPEC CHECKSUMS:
  FormatterKit: bddde83e054edf9d9ee14f9de3b3a5103db256f4
  Localytics: 87268a820c285f6f5ed3fa505a176c049ed07462
  SDWebImage: 71b7cdc1d1721d6a82ed62889030225f2c249e29
  SwiftHTTP: 025860414b3f0f583348734bb287f59aa84a3fc4

COCOAPODS: 0.36.3
